
Microsoft Visual Studio Solution File, Format Version 12.00
# Visual Studio Version 16
VisualStudioVersion = 16.0.30804.86
MinimumVisualStudioVersion = 10.0.40219.1
Project("{FAE04EC0-301F-11D3-BF4B-00C04F79EFBC}") = "CompanyName.AppName.OrderProcessEngine", "CompanyName.AppName.OrderProcessEngine\CompanyName.AppName.OrderProcessEngine.csproj", "{40494446-BDC9-4433-BE32-3DE91805AE38}"
EndProject
Global
	GlobalSection(SolutionConfigurationPlatforms) = preSolution
		Debug|Any CPU = Debug|Any CPU
		Release|Any CPU = Release|Any CPU
	EndGlobalSection
	GlobalSection(ProjectConfigurationPlatforms) = postSolution
		{40494446-BDC9-4433-BE32-3DE91805AE38}.Debug|Any CPU.ActiveCfg = Debug|Any CPU
		{40494446-BDC9-4433-BE32-3DE91805AE38}.Debug|Any CPU.Build.0 = Debug|Any CPU
		{40494446-BDC9-4433-BE32-3DE91805AE38}.Release|Any CPU.ActiveCfg = Release|Any CPU
		{40494446-BDC9-4433-BE32-3DE91805AE38}.Release|Any CPU.Build.0 = Release|Any CPU
	EndGlobalSection
	GlobalSection(SolutionProperties) = preSolution
		HideSolutionNode = FALSE
	EndGlobalSection
	GlobalSection(ExtensibilityGlobals) = postSolution
		SolutionGuid = {499F56B5-A406-49E8-A935-E00AFFFD0D25}
	EndGlobalSection
EndGlobal
